
Microsoft Visual Studio Solution File, Format Version 12.00
# Visual Studio Version 17
VisualStudioVersion = 17.0.31903.59
MinimumVisualStudioVersion = 10.0.40219.1
Project("{2150E333-8FDC-42A3-9474-1A3956D46DE8}") = "src", "src", "{827E0CD3-B72D-47B6-A68D-7590B98EB39B}"
EndProject
Project("{FAE04EC0-301F-11D3-BF4B-00C04F79EFBC}") = "IhsanAI.Domain", "src\IhsanAI.Domain\IhsanAI.Domain.csproj", "{7B1DEA85-3322-4CB6-AC0B-2E827EB440F0}"
EndProject
Project("{FAE04EC0-301F-11D3-BF4B-00C04F79EFBC}") = "IhsanAI.Application", "src\IhsanAI.Application\IhsanAI.Application.csproj", "{9F500C8E-FA44-413E-BCF6-E2061AA5F6D6}"
EndProject
Project("{FAE04EC0-301F-11D3-BF4B-00C04F79EFBC}") = "IhsanAI.Infrastructure", "src\IhsanAI.Infrastructure\IhsanAI.Infrastructure.csproj", "{4B873A1D-8041-48D4-8285-8CE6A1D60175}"
EndProject
Project("{FAE04EC0-301F-11D3-BF4B-00C04F79EFBC}") = "IhsanAI.Api", "src\IhsanAI.Api\IhsanAI.Api.csproj", "{DEF7A21B-FEB5-4D3D-8E27-7431D6EB41BE}"
EndProject
Project("{FAE04EC0-301F-11D3-BF4B-00C04F79EFBC}") = "IhsanAI.Shared", "src\IhsanAI.Shared\IhsanAI.Shared.csproj", "{A306510A-DE0A-45E6-95EF-2BC43CA50D42}"
EndProject
Project("{2150E333-8FDC-42A3-9474-1A3956D46DE8}") = "tests", "tests", "{E8F3C24D-9B26-4C3A-8F71-1A0B2E3F4D5E}"
EndProject
Project("{FAE04EC0-301F-11D3-BF4B-00C04F79EFBC}") = "IhsanAI.Application.Tests", "tests\IhsanAI.Application.Tests\IhsanAI.Application.Tests.csproj", "{B1C2D3E4-F5A6-7B8C-9D0E-1F2A3B4C5D6E}"
EndProject
Global
	GlobalSection(SolutionConfigurationPlatforms) = preSolution
		Debug|Any CPU = Debug|Any CPU
		Debug|x64 = Debug|x64
		Debug|x86 = Debug|x86
		Release|Any CPU = Release|Any CPU
		Release|x64 = Release|x64
		Release|x86 = Release|x86
	EndGlobalSection
	GlobalSection(ProjectConfigurationPlatforms) = postSolution
		{7B1DEA85-3322-4CB6-AC0B-2E827EB440F0}.Debug|Any CPU.ActiveCfg = Debug|Any CPU
		{7B1DEA85-3322-4CB6-AC0B-2E827EB440F0}.Debug|Any CPU.Build.0 = Debug|Any CPU
		{7B1DEA85-3322-4CB6-AC0B-2E827EB440F0}.Debug|x64.ActiveCfg = Debug|Any CPU
		{7B1DEA85-3322-4CB6-AC0B-2E827EB440F0}.Debug|x64.Build.0 = Debug|Any CPU
		{7B1DEA85-3322-4CB6-AC0B-2E827EB440F0}.Debug|x86.ActiveCfg = Debug|Any CPU
		{7B1DEA85-3322-4CB6-AC0B-2E827EB440F0}.Debug|x86.Build.0 = Debug|Any CPU
		{7B1DEA85-3322-4CB6-AC0B-2E827EB440F0}.Release|Any CPU.ActiveCfg = Release|Any CPU
		{7B1DEA85-3322-4CB6-AC0B-2E827EB440F0}.Release|Any CPU.Build.0 = Release|Any CPU
		{7B1DEA85-3322-4CB6-AC0B-2E827EB440F0}.Release|x64.ActiveCfg = Release|Any CPU
		{7B1DEA85-3322-4CB6-AC0B-2E827EB440F0}.Release|x64.Build.0 = Release|Any CPU
		{7B1DEA85-3322-4CB6-AC0B-2E827EB440F0}.Release|x86.ActiveCfg = Release|Any CPU
		{7B1DEA85-3322-4CB6-AC0B-2E827EB440F0}.Release|x86.Build.0 = Release|Any CPU
		{9F500C8E-FA44-413E-BCF6-E2061AA5F6D6}.Debug|Any CPU.ActiveCfg = Debug|Any CPU
		{9F500C8E-FA44-413E-BCF6-E2061AA5F6D6}.Debug|Any CPU.Build.0 = Debug|Any CPU
		{9F500C8E-FA44-413E-BCF6-E2061AA5F6D6}.Debug|x64.ActiveCfg = Debug|Any CPU
		{9F500C8E-FA44-413E-BCF6-E2061AA5F6D6}.Debug|x64.Build.0 = Debug|Any CPU
		{9F500C8E-FA44-413E-BCF6-E2061AA5F6D6}.Debug|x86.ActiveCfg = Debug|Any CPU
		{9F500C8E-FA44-413E-BCF6-E2061AA5F6D6}.Debug|x86.Build.0 = Debug|Any CPU
		{9F500C8E-FA44-413E-BCF6-E2061AA5F6D6}.Release|Any CPU.ActiveCfg = Release|Any CPU
		{9F500C8E-FA44-413E-BCF6-E2061AA5F6D6}.Release|Any CPU.Build.0 = Release|Any CPU
		{9F500C8E-FA44-413E-BCF6-E2061AA5F6D6}.Release|x64.ActiveCfg = Release|Any CPU
		{9F500C8E-FA44-413E-BCF6-E2061AA5F6D6}.Release|x64.Build.0 = Release|Any CPU
		{9F500C8E-FA44-413E-BCF6-E2061AA5F6D6}.Release|x86.ActiveCfg = Release|Any CPU
		{9F500C8E-FA44-413E-BCF6-E2061AA5F6D6}.Release|x86.Build.0 = Release|Any CPU
		{4B873A1D-8041-48D4-8285-8CE6A1D60175}.Debug|Any CPU.ActiveCfg = Debug|Any CPU
		{4B873A1D-8041-48D4-8285-8CE6A1D60175}.Debug|Any CPU.Build.0 = Debug|Any CPU
		{4B873A1D-8041-48D4-8285-8CE6A1D60175}.Debug|x64.ActiveCfg = Debug|Any CPU
		{4B873A1D-8041-48D4-8285-8CE6A1D60175}.Debug|x64.Build.0 = Debug|Any CPU
		{4B873A1D-8041-48D4-8285-8CE6A1D60175}.Debug|x86.ActiveCfg = Debug|Any CPU
		{4B873A1D-8041-48D4-8285-8CE6A1D60175}.Debug|x86.Build.0 = Debug|Any CPU
		{4B873A1D-8041-48D4-8285-8CE6A1D60175}.Release|Any CPU.ActiveCfg = Release|Any CPU
		{4B873A1D-8041-48D4-8285-8CE6A1D60175}.Release|Any CPU.Build.0 = Release|Any CPU
		{4B873A1D-8041-48D4-8285-8CE6A1D60175}.Release|x64.ActiveCfg = Release|Any CPU
		{4B873A1D-8041-48D4-8285-8CE6A1D60175}.Release|x64.Build.0 = Release|Any CPU
		{4B873A1D-8041-48D4-8285-8CE6A1D60175}.Release|x86.ActiveCfg = Release|Any CPU
		{4B873A1D-8041-48D4-8285-8CE6A1D60175}.Release|x86.Build.0 = Release|Any CPU
		{DEF7A21B-FEB5-4D3D-8E27-7431D6EB41BE}.Debug|Any CPU.ActiveCfg = Debug|Any CPU
		{DEF7A21B-FEB5-4D3D-8E27-7431D6EB41BE}.Debug|Any CPU.Build.0 = Debug|Any CPU
		{DEF7A21B-FEB5-4D3D-8E27-7431D6EB41BE}.Debug|x64.ActiveCfg = Debug|Any CPU
		{DEF7A21B-FEB5-4D3D-8E27-7431D6EB41BE}.Debug|x64.Build.0 = Debug|Any CPU
		{DEF7A21B-FEB5-4D3D-8E27-7431D6EB41BE}.Debug|x86.ActiveCfg = Debug|Any CPU
		{DEF7A21B-FEB5-4D3D-8E27-7431D6EB41BE}.Debug|x86.Build.0 = Debug|Any CPU
		{DEF7A21B-FEB5-4D3D-8E27-7431D6EB41BE}.Release|Any CPU.ActiveCfg = Release|Any CPU
		{DEF7A21B-FEB5-4D3D-8E27-7431D6EB41BE}.Release|Any CPU.Build.0 = Release|Any CPU
		{DEF7A21B-FEB5-4D3D-8E27-7431D6EB41BE}.Release|x64.ActiveCfg = Release|Any CPU
		{DEF7A21B-FEB5-4D3D-8E27-7431D6EB41BE}.Release|x64.Build.0 = Release|Any CPU
		{DEF7A21B-FEB5-4D3D-8E27-7431D6EB41BE}.Release|x86.ActiveCfg = Release|Any CPU
		{DEF7A21B-FEB5-4D3D-8E27-7431D6EB41BE}.Release|x86.Build.0 = Release|Any CPU
		{A306510A-DE0A-45E6-95EF-2BC43CA50D42}.Debug|Any CPU.ActiveCfg = Debug|Any CPU
		{A306510A-DE0A-45E6-95EF-2BC43CA50D42}.Debug|Any CPU.Build.0 = Debug|Any CPU
		{A306510A-DE0A-45E6-95EF-2BC43CA50D42}.Debug|x64.ActiveCfg = Debug|Any CPU
		{A306510A-DE0A-45E6-95EF-2BC43CA50D42}.Debug|x64.Build.0 = Debug|Any CPU
		{A306510A-DE0A-45E6-95EF-2BC43CA50D42}.Debug|x86.ActiveCfg = Debug|Any CPU
		{A306510A-DE0A-45E6-95EF-2BC43CA50D42}.Debug|x86.Build.0 = Debug|Any CPU
		{A306510A-DE0A-45E6-95EF-2BC43CA50D42}.Release|Any CPU.ActiveCfg = Release|Any CPU
		{A306510A-DE0A-45E6-95EF-2BC43CA50D42}.Release|Any CPU.Build.0 = Release|Any CPU
		{A306510A-DE0A-45E6-95EF-2BC43CA50D42}.Release|x64.ActiveCfg = Release|Any CPU
		{A306510A-DE0A-45E6-95EF-2BC43CA50D42}.Release|x64.Build.0 = Release|Any CPU
		{A306510A-DE0A-45E6-95EF-2BC43CA50D42}.Release|x86.ActiveCfg = Release|Any CPU
		{A306510A-DE0A-45E6-95EF-2BC43CA50D42}.Release|x86.Build.0 = Release|Any CPU
		{B1C2D3E4-F5A6-7B8C-9D0E-1F2A3B4C5D6E}.Debug|Any CPU.ActiveCfg = Debug|Any CPU
		{B1C2D3E4-F5A6-7B8C-9D0E-1F2A3B4C5D6E}.Debug|Any CPU.Build.0 = Debug|Any CPU
		{B1C2D3E4-F5A6-7B8C-9D0E-1F2A3B4C5D6E}.Debug|x64.ActiveCfg = Debug|Any CPU
		{B1C2D3E4-F5A6-7B8C-9D0E-1F2A3B4C5D6E}.Debug|x64.Build.0 = Debug|Any CPU
		{B1C2D3E4-F5A6-7B8C-9D0E-1F2A3B4C5D6E}.Debug|x86.ActiveCfg = Debug|Any CPU
		{B1C2D3E4-F5A6-7B8C-9D0E-1F2A3B4C5D6E}.Debug|x86.Build.0 = Debug|Any CPU
		{B1C2D3E4-F5A6-7B8C-9D0E-1F2A3B4C5D6E}.Release|Any CPU.ActiveCfg = Release|Any CPU
		{B1C2D3E4-F5A6-7B8C-9D0E-1F2A3B4C5D6E}.Release|Any CPU.Build.0 = Release|Any CPU
		{B1C2D3E4-F5A6-7B8C-9D0E-1F2A3B4C5D6E}.Release|x64.ActiveCfg = Release|Any CPU
		{B1C2D3E4-F5A6-7B8C-9D0E-1F2A3B4C5D6E}.Release|x64.Build.0 = Release|Any CPU
		{B1C2D3E4-F5A6-7B8C-9D0E-1F2A3B4C5D6E}.Release|x86.ActiveCfg = Release|Any CPU
		{B1C2D3E4-F5A6-7B8C-9D0E-1F2A3B4C5D6E}.Release|x86.Build.0 = Release|Any CPU
	EndGlobalSection
	GlobalSection(SolutionProperties) = preSolution
		HideSolutionNode = FALSE
	EndGlobalSection
	GlobalSection(NestedProjects) = preSolution
		{7B1DEA85-3322-4CB6-AC0B-2E827EB440F0} = {827E0CD3-B72D-47B6-A68D-7590B98EB39B}
		{9F500C8E-FA44-413E-BCF6-E2061AA5F6D6} = {827E0CD3-B72D-47B6-A68D-7590B98EB39B}
		{4B873A1D-8041-48D4-8285-8CE6A1D60175} = {827E0CD3-B72D-47B6-A68D-7590B98EB39B}
		{DEF7A21B-FEB5-4D3D-8E27-7431D6EB41BE} = {827E0CD3-B72D-47B6-A68D-7590B98EB39B}
		{A306510A-DE0A-45E6-95EF-2BC43CA50D42} = {827E0CD3-B72D-47B6-A68D-7590B98EB39B}
		{B1C2D3E4-F5A6-7B8C-9D0E-1F2A3B4C5D6E} = {E8F3C24D-9B26-4C3A-8F71-1A0B2E3F4D5E}
	EndGlobalSection
EndGlobal
